
Microsoft Visual Studio Solution File, Format Version 12.00
# Visual Studio Version 16
VisualStudioVersion = 16.0.32630.194
MinimumVisualStudioVersion = 10.0.40219.1
Project("{FAE04EC0-301F-11D3-BF4B-00C04F79EFBC}") = "GOChatAPI", "GOChatAPI\GOChatAPI.csproj", "{B9E05EF1-808F-4F8B-A22B-74EA0328338D}"
EndProject
Global
	GlobalSection(SolutionConfigurationPlatforms) = preSolution
		Debug|Any CPU = Debug|Any CPU
		Release|Any CPU = Release|Any CPU
	EndGlobalSection
	GlobalSection(ProjectConfigurationPlatforms) = postSolution
		{B9E05EF1-808F-4F8B-A22B-74EA0328338D}.Debug|Any CPU.ActiveCfg = Debug|Any CPU
		{B9E05EF1-808F-4F8B-A22B-74EA0328338D}.Debug|Any CPU.Build.0 = Debug|Any CPU
		{B9E05EF1-808F-4F8B-A22B-74EA0328338D}.Release|Any CPU.ActiveCfg = Release|Any CPU
		{B9E05EF1-808F-4F8B-A22B-74EA0328338D}.Release|Any CPU.Build.0 = Release|Any CPU
	EndGlobalSection
	GlobalSection(SolutionProperties) = preSolution
		HideSolutionNode = FALSE
	EndGlobalSection
	GlobalSection(ExtensibilityGlobals) = postSolution
		SolutionGuid = {3072166D-A642-4C03-A77F-3873DDB9A3AF}
	EndGlobalSection
EndGlobal
